
Microsoft Visual Studio Solution File, Format Version 11.00
# Visual Studio 2010
Project("{FAE04EC0-301F-11D3-BF4B-00C04F79EFBC}") = "BDA_Model", "BDA Simulator\BDA_Model.csproj", "{05A8ADF1-2F96-4285-A53E-FF74A2870AE2}"
EndProject
Global
	GlobalSection(SolutionConfigurationPlatforms) = preSolution
		Debug|x86 = Debug|x86
		Release|x86 = Release|x86
	EndGlobalSection
	GlobalSection(ProjectConfigurationPlatforms) = postSolution
		{05A8ADF1-2F96-4285-A53E-FF74A2870AE2}.Debug|x86.ActiveCfg = Debug|x86
		{05A8ADF1-2F96-4285-A53E-FF74A2870AE2}.Debug|x86.Build.0 = Debug|x86
		{05A8ADF1-2F96-4285-A53E-FF74A2870AE2}.Release|x86.ActiveCfg = Release|x86
		{05A8ADF1-2F96-4285-A53E-FF74A2870AE2}.Release|x86.Build.0 = Release|x86
	EndGlobalSection
	GlobalSection(SolutionProperties) = preSolution
		HideSolutionNode = FALSE
	EndGlobalSection
EndGlobal
